
Microsoft Visual Studio Solution File, Format Version 12.00
# Visual Studio Version 17
VisualStudioVersion = 17.4.33403.182
MinimumVisualStudioVersion = 10.0.40219.1
Project("{9A19103F-16F7-4668-BE54-9A1E7A4F7556}") = "BlazorTest1", "BlazorTest1\BlazorTest1.csproj", "{F29ABDAA-F46D-4B6F-88F8-A8F11B4A97A4}"
EndProject
Global
	GlobalSection(SolutionConfigurationPlatforms) = preSolution
		Debug|Any CPU = Debug|Any CPU
		Release|Any CPU = Release|Any CPU
	EndGlobalSection
	GlobalSection(ProjectConfigurationPlatforms) = postSolution
		{F29ABDAA-F46D-4B6F-88F8-A8F11B4A97A4}.Debug|Any CPU.ActiveCfg = Debug|Any CPU
		{F29ABDAA-F46D-4B6F-88F8-A8F11B4A97A4}.Debug|Any CPU.Build.0 = Debug|Any CPU
		{F29ABDAA-F46D-4B6F-88F8-A8F11B4A97A4}.Release|Any CPU.ActiveCfg = Release|Any CPU
		{F29ABDAA-F46D-4B6F-88F8-A8F11B4A97A4}.Release|Any CPU.Build.0 = Release|Any CPU
	EndGlobalSection
	GlobalSection(SolutionProperties) = preSolution
		HideSolutionNode = FALSE
	EndGlobalSection
	GlobalSection(ExtensibilityGlobals) = postSolution
		SolutionGuid = {F7F7ADD9-772F-46E1-8038-F352650C6F83}
	EndGlobalSection
EndGlobal
